
Microsoft Visual Studio Solution File, Format Version 12.00
# Visual Studio Version 17
VisualStudioVersion = 17.4.33122.133
MinimumVisualStudioVersion = 10.0.40219.1
Project("{FAE04EC0-301F-11D3-BF4B-00C04F79EFBC}") = "TestingApp", "TestingApp.csproj", "{DCBA05BD-9D95-4824-9D65-B80091CBBDA8}"
EndProject
Global
	GlobalSection(SolutionConfigurationPlatforms) = preSolution
		Debug|Any CPU = Debug|Any CPU
		Release|Any CPU = Release|Any CPU
	EndGlobalSection
	GlobalSection(ProjectConfigurationPlatforms) = postSolution
		{DCBA05BD-9D95-4824-9D65-B80091CBBDA8}.Debug|Any CPU.ActiveCfg = Debug|Any CPU
		{DCBA05BD-9D95-4824-9D65-B80091CBBDA8}.Debug|Any CPU.Build.0 = Debug|Any CPU
		{DCBA05BD-9D95-4824-9D65-B80091CBBDA8}.Release|Any CPU.ActiveCfg = Release|Any CPU
		{DCBA05BD-9D95-4824-9D65-B80091CBBDA8}.Release|Any CPU.Build.0 = Release|Any CPU
	EndGlobalSection
	GlobalSection(SolutionProperties) = preSolution
		HideSolutionNode = FALSE
	EndGlobalSection
	GlobalSection(ExtensibilityGlobals) = postSolution
		SolutionGuid = {EF62063D-196B-4A16-9486-B807E86B2E0F}
	EndGlobalSection
EndGlobal
